
Microsoft Visual Studio Solution File, Format Version 12.00
# Visual Studio Version 16
VisualStudioVersion = 25.0.1704.2
MinimumVisualStudioVersion = 10.0.40219.1
Project("{FAE04EC0-301F-11D3-BF4B-00C04F79EFBC}") = "3IfStatementsExp", "3IfStatementsExp\3IfStatementsExp.csproj", "{948343A7-7A56-4634-A699-5172BC07A896}"
EndProject
Global
	GlobalSection(SolutionConfigurationPlatforms) = preSolution
		Debug|Any CPU = Debug|Any CPU
		Release|Any CPU = Release|Any CPU
	EndGlobalSection
	GlobalSection(ProjectConfigurationPlatforms) = postSolution
		{948343A7-7A56-4634-A699-5172BC07A896}.Debug|Any CPU.ActiveCfg = Debug|Any CPU
		{948343A7-7A56-4634-A699-5172BC07A896}.Debug|Any CPU.Build.0 = Debug|Any CPU
		{948343A7-7A56-4634-A699-5172BC07A896}.Release|Any CPU.ActiveCfg = Release|Any CPU
		{948343A7-7A56-4634-A699-5172BC07A896}.Release|Any CPU.Build.0 = Release|Any CPU
	EndGlobalSection
	GlobalSection(SolutionProperties) = preSolution
		HideSolutionNode = FALSE
	EndGlobalSection
	GlobalSection(ExtensibilityGlobals) = postSolution
		SolutionGuid = {DD25A400-BD52-4E57-8B83-466AFFE320B0}
	EndGlobalSection
EndGlobal
